
Microsoft Visual Studio Solution File, Format Version 12.00
# Visual Studio Version 16
VisualStudioVersion = 16.0.31005.135
MinimumVisualStudioVersion = 10.0.40219.1
Project("{9A19103F-16F7-4668-BE54-9A1E7A4F7556}") = "Exam_Sea_battle", "ConsoleApp2\Exam_Sea_battle.csproj", "{AF12CEA4-7B6E-4BFA-9949-085D9FC2A5D9}"
EndProject
Global
	GlobalSection(SolutionConfigurationPlatforms) = preSolution
		Debug|Any CPU = Debug|Any CPU
		Release|Any CPU = Release|Any CPU
	EndGlobalSection
	GlobalSection(ProjectConfigurationPlatforms) = postSolution
		{AF12CEA4-7B6E-4BFA-9949-085D9FC2A5D9}.Debug|Any CPU.ActiveCfg = Debug|Any CPU
		{AF12CEA4-7B6E-4BFA-9949-085D9FC2A5D9}.Debug|Any CPU.Build.0 = Debug|Any CPU
		{AF12CEA4-7B6E-4BFA-9949-085D9FC2A5D9}.Release|Any CPU.ActiveCfg = Release|Any CPU
		{AF12CEA4-7B6E-4BFA-9949-085D9FC2A5D9}.Release|Any CPU.Build.0 = Release|Any CPU
	EndGlobalSection
	GlobalSection(SolutionProperties) = preSolution
		HideSolutionNode = FALSE
	EndGlobalSection
	GlobalSection(ExtensibilityGlobals) = postSolution
		SolutionGuid = {3ED67C3D-0FA8-4714-A1EA-4998EC3D0BE7}
	EndGlobalSection
EndGlobal
